
Microsoft Visual Studio Solution File, Format Version 12.00
# Visual Studio 15
VisualStudioVersion = 15.0.28307.106
MinimumVisualStudioVersion = 10.0.40219.1
Project("{888888A0-9F3D-457C-B088-3A5042F75D52}") = "Ace", "Ace.pyproj", "{55697124-6D2E-4BCA-840A-997C6F7919AB}"
EndProject
Global
	GlobalSection(SolutionConfigurationPlatforms) = preSolution
		Debug|Any CPU = Debug|Any CPU
		Release|Any CPU = Release|Any CPU
	EndGlobalSection
	GlobalSection(ProjectConfigurationPlatforms) = postSolution
		{55697124-6D2E-4BCA-840A-997C6F7919AB}.Debug|Any CPU.ActiveCfg = Debug|Any CPU
		{55697124-6D2E-4BCA-840A-997C6F7919AB}.Release|Any CPU.ActiveCfg = Release|Any CPU
	EndGlobalSection
	GlobalSection(SolutionProperties) = preSolution
		HideSolutionNode = FALSE
	EndGlobalSection
	GlobalSection(ExtensibilityGlobals) = postSolution
		SolutionGuid = {39A4BAFC-5702-44DB-8F20-A72490D9DE99}
	EndGlobalSection
EndGlobal
